
Microsoft Visual Studio Solution File, Format Version 12.00
# Visual Studio Version 16
VisualStudioVersion = 16.0.29709.97
MinimumVisualStudioVersion = 10.0.40219.1
Project("{FAE04EC0-301F-11D3-BF4B-00C04F79EFBC}") = "App1", "App1\App1.csproj", "{C7F4E8E5-1AE6-4489-B6B9-D6C50576E66C}"
EndProject
Project("{9A19103F-16F7-4668-BE54-9A1E7A4F7556}") = "App1.Core", "App1.Core\App1.Core.csproj", "{331AAF78-E34C-4815-A576-B95920DEBBDE}"
EndProject
Global
	GlobalSection(SolutionConfigurationPlatforms) = preSolution
		Debug|Any CPU = Debug|Any CPU
		Debug|ARM = Debug|ARM
		Debug|ARM64 = Debug|ARM64
		Debug|x64 = Debug|x64
		Debug|x86 = Debug|x86
		Release|Any CPU = Release|Any CPU
		Release|ARM = Release|ARM
		Release|ARM64 = Release|ARM64
		Release|x64 = Release|x64
		Release|x86 = Release|x86
	EndGlobalSection
	GlobalSection(ProjectConfigurationPlatforms) = postSolution
		{C7F4E8E5-1AE6-4489-B6B9-D6C50576E66C}.Debug|Any CPU.ActiveCfg = Debug|x86
		{C7F4E8E5-1AE6-4489-B6B9-D6C50576E66C}.Debug|ARM.ActiveCfg = Debug|ARM
		{C7F4E8E5-1AE6-4489-B6B9-D6C50576E66C}.Debug|ARM.Build.0 = Debug|ARM
		{C7F4E8E5-1AE6-4489-B6B9-D6C50576E66C}.Debug|ARM.Deploy.0 = Debug|ARM
		{C7F4E8E5-1AE6-4489-B6B9-D6C50576E66C}.Debug|ARM64.ActiveCfg = Debug|ARM64
		{C7F4E8E5-1AE6-4489-B6B9-D6C50576E66C}.Debug|ARM64.Build.0 = Debug|ARM64
		{C7F4E8E5-1AE6-4489-B6B9-D6C50576E66C}.Debug|ARM64.Deploy.0 = Debug|ARM64
		{C7F4E8E5-1AE6-4489-B6B9-D6C50576E66C}.Debug|x64.ActiveCfg = Debug|x64
		{C7F4E8E5-1AE6-4489-B6B9-D6C50576E66C}.Debug|x64.Build.0 = Debug|x64
		{C7F4E8E5-1AE6-4489-B6B9-D6C50576E66C}.Debug|x64.Deploy.0 = Debug|x64
		{C7F4E8E5-1AE6-4489-B6B9-D6C50576E66C}.Debug|x86.ActiveCfg = Debug|x86
		{C7F4E8E5-1AE6-4489-B6B9-D6C50576E66C}.Debug|x86.Build.0 = Debug|x86
		{C7F4E8E5-1AE6-4489-B6B9-D6C50576E66C}.Debug|x86.Deploy.0 = Debug|x86
		{C7F4E8E5-1AE6-4489-B6B9-D6C50576E66C}.Release|Any CPU.ActiveCfg = Release|x86
		{C7F4E8E5-1AE6-4489-B6B9-D6C50576E66C}.Release|ARM.ActiveCfg = Release|ARM
		{C7F4E8E5-1AE6-4489-B6B9-D6C50576E66C}.Release|ARM.Build.0 = Release|ARM
		{C7F4E8E5-1AE6-4489-B6B9-D6C50576E66C}.Release|ARM.Deploy.0 = Release|ARM
		{C7F4E8E5-1AE6-4489-B6B9-D6C50576E66C}.Release|ARM64.ActiveCfg = Release|ARM64
		{C7F4E8E5-1AE6-4489-B6B9-D6C50576E66C}.Release|ARM64.Build.0 = Release|ARM64
		{C7F4E8E5-1AE6-4489-B6B9-D6C50576E66C}.Release|ARM64.Deploy.0 = Release|ARM64
		{C7F4E8E5-1AE6-4489-B6B9-D6C50576E66C}.Release|x64.ActiveCfg = Release|x64
		{C7F4E8E5-1AE6-4489-B6B9-D6C50576E66C}.Release|x64.Build.0 = Release|x64
		{C7F4E8E5-1AE6-4489-B6B9-D6C50576E66C}.Release|x64.Deploy.0 = Release|x64
		{C7F4E8E5-1AE6-4489-B6B9-D6C50576E66C}.Release|x86.ActiveCfg = Release|x86
		{C7F4E8E5-1AE6-4489-B6B9-D6C50576E66C}.Release|x86.Build.0 = Release|x86
		{C7F4E8E5-1AE6-4489-B6B9-D6C50576E66C}.Release|x86.Deploy.0 = Release|x86
		{331AAF78-E34C-4815-A576-B95920DEBBDE}.Debug|Any CPU.ActiveCfg = Debug|Any CPU
		{331AAF78-E34C-4815-A576-B95920DEBBDE}.Debug|Any CPU.Build.0 = Debug|Any CPU
		{331AAF78-E34C-4815-A576-B95920DEBBDE}.Debug|ARM.ActiveCfg = Debug|Any CPU
		{331AAF78-E34C-4815-A576-B95920DEBBDE}.Debug|ARM.Build.0 = Debug|Any CPU
		{331AAF78-E34C-4815-A576-B95920DEBBDE}.Debug|ARM64.ActiveCfg = Debug|Any CPU
		{331AAF78-E34C-4815-A576-B95920DEBBDE}.Debug|ARM64.Build.0 = Debug|Any CPU
		{331AAF78-E34C-4815-A576-B95920DEBBDE}.Debug|x64.ActiveCfg = Debug|Any CPU
		{331AAF78-E34C-4815-A576-B95920DEBBDE}.Debug|x64.Build.0 = Debug|Any CPU
		{331AAF78-E34C-4815-A576-B95920DEBBDE}.Debug|x86.ActiveCfg = Debug|Any CPU
		{331AAF78-E34C-4815-A576-B95920DEBBDE}.Debug|x86.Build.0 = Debug|Any CPU
		{331AAF78-E34C-4815-A576-B95920DEBBDE}.Release|Any CPU.ActiveCfg = Release|Any CPU
		{331AAF78-E34C-4815-A576-B95920DEBBDE}.Release|Any CPU.Build.0 = Release|Any CPU
		{331AAF78-E34C-4815-A576-B95920DEBBDE}.Release|ARM.ActiveCfg = Release|Any CPU
		{331AAF78-E34C-4815-A576-B95920DEBBDE}.Release|ARM.Build.0 = Release|Any CPU
		{331AAF78-E34C-4815-A576-B95920DEBBDE}.Release|ARM64.ActiveCfg = Release|Any CPU
		{331AAF78-E34C-4815-A576-B95920DEBBDE}.Release|ARM64.Build.0 = Release|Any CPU
		{331AAF78-E34C-4815-A576-B95920DEBBDE}.Release|x64.ActiveCfg = Release|Any CPU
		{331AAF78-E34C-4815-A576-B95920DEBBDE}.Release|x64.Build.0 = Release|Any CPU
		{331AAF78-E34C-4815-A576-B95920DEBBDE}.Release|x86.ActiveCfg = Release|Any CPU
		{331AAF78-E34C-4815-A576-B95920DEBBDE}.Release|x86.Build.0 = Release|Any CPU
	EndGlobalSection
	GlobalSection(SolutionProperties) = preSolution
		HideSolutionNode = FALSE
	EndGlobalSection
	GlobalSection(ExtensibilityGlobals) = postSolution
		SolutionGuid = {0D7F7940-C972-4425-8461-B0D91E8905A0}
	EndGlobalSection
EndGlobal
